
Microsoft Visual Studio Solution File, Format Version 12.00
# Visual Studio Version 17
VisualStudioVersion = 17.7.34024.191
MinimumVisualStudioVersion = 10.0.40219.1
Project("{9A19103F-16F7-4668-BE54-9A1E7A4F7556}") = "StreamerBotSkin", "StreamerBotSkin\StreamerBotSkin.csproj", "{F5DE1F56-A2F5-4AAF-B4E4-4C06CFF09B39}"
	ProjectSection(ProjectDependencies) = postProject
		{69235797-A262-4FDC-9BE5-5BE88F6A027E} = {69235797-A262-4FDC-9BE5-5BE88F6A027E}
	EndProjectSection
EndProject
Project("{9A19103F-16F7-4668-BE54-9A1E7A4F7556}") = "StreamerBotControls", "StreamerBotControls\StreamerBotControls.csproj", "{69235797-A262-4FDC-9BE5-5BE88F6A027E}"
EndProject
Global
	GlobalSection(SolutionConfigurationPlatforms) = preSolution
		Debug|x64 = Debug|x64
		Release|x64 = Release|x64
	EndGlobalSection
	GlobalSection(ProjectConfigurationPlatforms) = postSolution
		{F5DE1F56-A2F5-4AAF-B4E4-4C06CFF09B39}.Debug|x64.ActiveCfg = Debug|x64
		{F5DE1F56-A2F5-4AAF-B4E4-4C06CFF09B39}.Debug|x64.Build.0 = Debug|x64
		{F5DE1F56-A2F5-4AAF-B4E4-4C06CFF09B39}.Release|x64.ActiveCfg = Release|x64
		{F5DE1F56-A2F5-4AAF-B4E4-4C06CFF09B39}.Release|x64.Build.0 = Release|x64
		{69235797-A262-4FDC-9BE5-5BE88F6A027E}.Debug|x64.ActiveCfg = Debug|x64
		{69235797-A262-4FDC-9BE5-5BE88F6A027E}.Debug|x64.Build.0 = Debug|x64
		{69235797-A262-4FDC-9BE5-5BE88F6A027E}.Release|x64.ActiveCfg = Release|x64
		{69235797-A262-4FDC-9BE5-5BE88F6A027E}.Release|x64.Build.0 = Release|x64
	EndGlobalSection
	GlobalSection(SolutionProperties) = preSolution
		HideSolutionNode = FALSE
	EndGlobalSection
	GlobalSection(ExtensibilityGlobals) = postSolution
		SolutionGuid = {C625EFF0-0E23-456D-ADE3-07333324865B}
	EndGlobalSection
EndGlobal
